
Microsoft Visual Studio Solution File, Format Version 12.00
# Visual Studio Version 17
VisualStudioVersion = 17.7.34031.279
MinimumVisualStudioVersion = 10.0.40219.1
Project("{FAE04EC0-301F-11D3-BF4B-00C04F79EFBC}") = "GenericStacks", "GenericStacks.csproj", "{453CC011-B4EC-4CAA-A112-AE6214241F69}"
EndProject
Global
	GlobalSection(SolutionConfigurationPlatforms) = preSolution
		Debug|Any CPU = Debug|Any CPU
		Release|Any CPU = Release|Any CPU
	EndGlobalSection
	GlobalSection(ProjectConfigurationPlatforms) = postSolution
		{453CC011-B4EC-4CAA-A112-AE6214241F69}.Debug|Any CPU.ActiveCfg = Debug|Any CPU
		{453CC011-B4EC-4CAA-A112-AE6214241F69}.Debug|Any CPU.Build.0 = Debug|Any CPU
		{453CC011-B4EC-4CAA-A112-AE6214241F69}.Release|Any CPU.ActiveCfg = Release|Any CPU
		{453CC011-B4EC-4CAA-A112-AE6214241F69}.Release|Any CPU.Build.0 = Release|Any CPU
	EndGlobalSection
	GlobalSection(SolutionProperties) = preSolution
		HideSolutionNode = FALSE
	EndGlobalSection
	GlobalSection(ExtensibilityGlobals) = postSolution
		SolutionGuid = {0E5C5BF0-6608-474D-9927-C69609ABF8E3}
	EndGlobalSection
EndGlobal
